
Microsoft Visual Studio Solution File, Format Version 12.00
# Visual Studio Version 16
VisualStudioVersion = 16.0.30804.86
MinimumVisualStudioVersion = 10.0.40219.1
Project("{FAE04EC0-301F-11D3-BF4B-00C04F79EFBC}") = "Datadict_Editor", "Datadict_Editor\Datadict_Editor.csproj", "{3B02A0ED-DF10-4EC0-80A5-BA40295D89C4}"
EndProject
Global
	GlobalSection(SolutionConfigurationPlatforms) = preSolution
		Debug|Any CPU = Debug|Any CPU
		Release|Any CPU = Release|Any CPU
	EndGlobalSection
	GlobalSection(ProjectConfigurationPlatforms) = postSolution
		{3B02A0ED-DF10-4EC0-80A5-BA40295D89C4}.Debug|Any CPU.ActiveCfg = Debug|Any CPU
		{3B02A0ED-DF10-4EC0-80A5-BA40295D89C4}.Debug|Any CPU.Build.0 = Debug|Any CPU
		{3B02A0ED-DF10-4EC0-80A5-BA40295D89C4}.Release|Any CPU.ActiveCfg = Release|Any CPU
		{3B02A0ED-DF10-4EC0-80A5-BA40295D89C4}.Release|Any CPU.Build.0 = Release|Any CPU
	EndGlobalSection
	GlobalSection(SolutionProperties) = preSolution
		HideSolutionNode = FALSE
	EndGlobalSection
	GlobalSection(ExtensibilityGlobals) = postSolution
		SolutionGuid = {380FF060-9F0D-4B93-871B-BA6E64ED144D}
	EndGlobalSection
EndGlobal
